
Microsoft Visual Studio Solution File, Format Version 12.00
# Visual Studio 15
VisualStudioVersion = 15.0.28307.852
MinimumVisualStudioVersion = 10.0.40219.1
Project("{9A19103F-16F7-4668-BE54-9A1E7A4F7556}") = "Semver", "src\Semver\Semver.csproj", "{F2892175-F3D8-4D86-A659-A994E58EAF4F}"
EndProject
Project("{9A19103F-16F7-4668-BE54-9A1E7A4F7556}") = "Semver.MSTest", "tests\Semver.MSTest\Semver.MSTest.csproj", "{9D855C69-EEC0-4AC0-8343-2A78DB5E3770}"
EndProject
Project("{F5034706-568F-408A-B7B3-4D38C6DB8A32}") = "build", "build\build.pssproj", "{6CAFC0C6-A428-4D30-A9F9-700E829FEA51}"
EndProject
Project("{2150E333-8FDC-42A3-9474-1A3956D46DE8}") = ".misc", ".misc", "{AD5EEBF9-1611-4588-9043-A8A430A80B2A}"
	ProjectSection(SolutionItems) = preProject
		.editorconfig = .editorconfig
		.gitignore = .gitignore
	EndProjectSection
EndProject
Global
	GlobalSection(SolutionConfigurationPlatforms) = preSolution
		Debug|Any CPU = Debug|Any CPU
		Release|Any CPU = Release|Any CPU
	EndGlobalSection
	GlobalSection(ProjectConfigurationPlatforms) = postSolution
		{F2892175-F3D8-4D86-A659-A994E58EAF4F}.Debug|Any CPU.ActiveCfg = Debug|Any CPU
		{F2892175-F3D8-4D86-A659-A994E58EAF4F}.Debug|Any CPU.Build.0 = Debug|Any CPU
		{F2892175-F3D8-4D86-A659-A994E58EAF4F}.Release|Any CPU.ActiveCfg = Release|Any CPU
		{F2892175-F3D8-4D86-A659-A994E58EAF4F}.Release|Any CPU.Build.0 = Release|Any CPU
		{9D855C69-EEC0-4AC0-8343-2A78DB5E3770}.Debug|Any CPU.ActiveCfg = Debug|Any CPU
		{9D855C69-EEC0-4AC0-8343-2A78DB5E3770}.Debug|Any CPU.Build.0 = Debug|Any CPU
		{9D855C69-EEC0-4AC0-8343-2A78DB5E3770}.Release|Any CPU.ActiveCfg = Release|Any CPU
		{9D855C69-EEC0-4AC0-8343-2A78DB5E3770}.Release|Any CPU.Build.0 = Release|Any CPU
		{6CAFC0C6-A428-4D30-A9F9-700E829FEA51}.Debug|Any CPU.ActiveCfg = Debug|Any CPU
		{6CAFC0C6-A428-4D30-A9F9-700E829FEA51}.Debug|Any CPU.Build.0 = Debug|Any CPU
		{6CAFC0C6-A428-4D30-A9F9-700E829FEA51}.Release|Any CPU.ActiveCfg = Release|Any CPU
		{6CAFC0C6-A428-4D30-A9F9-700E829FEA51}.Release|Any CPU.Build.0 = Release|Any CPU
	EndGlobalSection
	GlobalSection(SolutionProperties) = preSolution
		HideSolutionNode = FALSE
	EndGlobalSection
	GlobalSection(ExtensibilityGlobals) = postSolution
		SolutionGuid = {11262E94-9199-47EC-93B3-60B7D9758F95}
	EndGlobalSection
EndGlobal
